// !$*UTF8*$!
{
	archiveVersion = 1;
	classes = {
	};
	objectVersion = 50;
	objects = {

/* Begin PBXBuildFile section */
		235AA53023A51F7A00AFF989 /* VideoCameraDelegate.mm in Sources */ = {isa = PBXBuildFile; fileRef = 235AA52F23A51F7A00AFF989 /* VideoCameraDelegate.mm */; };
		2361543F23A75D3B000ECCDD /* ResultViewController.m in Sources */ = {isa = PBXBuildFile; fileRef = 2361543E23A75D3B000ECCDD /* ResultViewController.m */; };
		23BCB51D239F719800E14680 /* AppDelegate.m in Sources */ = {isa = PBXBuildFile; fileRef = 23BCB51C239F719800E14680 /* AppDelegate.m */; };
		23BCB520239F719800E14680 /* SceneDelegate.m in Sources */ = {isa = PBXBuildFile; fileRef = 23BCB51F239F719800E14680 /* SceneDelegate.m */; };
		23BCB523239F719800E14680 /* ViewController.mm in Sources */ = {isa = PBXBuildFile; fileRef = 23BCB522239F719800E14680 /* ViewController.mm */; };
		23BCB526239F719800E14680 /* Main.storyboard in Resources */ = {isa = PBXBuildFile; fileRef = 23BCB524239F719800E14680 /* Main.storyboard */; };
		23BCB528239F719A00E14680 /* Assets.xcassets in Resources */ = {isa = PBXBuildFile; fileRef = 23BCB527239F719A00E14680 /* Assets.xcassets */; };
		23BCB52B239F719A00E14680 /* LaunchScreen.storyboard in Resources */ = {isa = PBXBuildFile; fileRef = 23BCB529239F719A00E14680 /* LaunchScreen.storyboard */; };
		23BCB52E239F719A00E14680 /* main.m in Sources */ = {isa = PBXBuildFile; fileRef = 23BCB52D239F719A00E14680 /* main.m */; };
		23E4DF46239F7E8C00466AD2 /* libc++.tbd in Frameworks */ = {isa = PBXBuildFile; fileRef = 23E4DF45239F7E8C00466AD2 /* libc++.tbd */; };
		23E4DF48239F7E9300466AD2 /* AVFoundation.framework in Frameworks */ = {isa = PBXBuildFile; fileRef = 23E4DF47239F7E9300466AD2 /* AVFoundation.framework */; };
		23E4DF4A239F7E9A00466AD2 /* CoreImage.framework in Frameworks */ = {isa = PBXBuildFile; fileRef = 23E4DF49239F7E9A00466AD2 /* CoreImage.framework */; };
		23E4DF4C239F7EA100466AD2 /* CoreGraphics.framework in Frameworks */ = {isa = PBXBuildFile; fileRef = 23E4DF4B239F7EA100466AD2 /* CoreGraphics.framework */; };
		23E4DF4E239F7EA800466AD2 /* QuartzCore.framework in Frameworks */ = {isa = PBXBuildFile; fileRef = 23E4DF4D239F7EA800466AD2 /* QuartzCore.framework */; };
		23E4DF50239F7EAE00466AD2 /* Accelerate.framework in Frameworks */ = {isa = PBXBuildFile; fileRef = 23E4DF4F239F7EAE00466AD2 /* Accelerate.framework */; };
		23E4DF52239F7EB400466AD2 /* CoreVideo.framework in Frameworks */ = {isa = PBXBuildFile; fileRef = 23E4DF51239F7EB400466AD2 /* CoreVideo.framework */; };
		23E4DF54239F7EC400466AD2 /* CoreMedia.framework in Frameworks */ = {isa = PBXBuildFile; fileRef = 23E4DF53239F7EC400466AD2 /* CoreMedia.framework */; };
		23E4DF56239F7ECF00466AD2 /* AssetsLibrary.framework in Frameworks */ = {isa = PBXBuildFile; fileRef = 23E4DF55239F7ECF00466AD2 /* AssetsLibrary.framework */; };
		23E4DF5C239F804500466AD2 /* opencv2.framework in Frameworks */ = {isa = PBXBuildFile; fileRef = 23E4DF5B239F804500466AD2 /* opencv2.framework */; };
/* End PBXBuildFile section */

/* Begin PBXFileReference section */
		235AA52E23A51F7A00AFF989 /* VideoCameraDelegate.h */ = {isa = PBXFileReference; lastKnownFileType = sourcecode.c.h; path = VideoCameraDelegate.h; sourceTree = "<group>"; };
		235AA52F23A51F7A00AFF989 /* VideoCameraDelegate.mm */ = {isa = PBXFileReference; lastKnownFileType = sourcecode.cpp.objcpp; path = VideoCameraDelegate.mm; sourceTree = "<group>"; };
		2361543D23A75D3B000ECCDD /* ResultViewController.h */ = {isa = PBXFileReference; lastKnownFileType = sourcecode.c.h; path = ResultViewController.h; sourceTree = "<group>"; };
		2361543E23A75D3B000ECCDD /* ResultViewController.m */ = {isa = PBXFileReference; lastKnownFileType = sourcecode.c.objc; path = ResultViewController.m; sourceTree = "<group>"; };
		23BCB518239F719800E14680 /* ringcode.app */ = {isa = PBXFileReference; explicitFileType = wrapper.application; includeInIndex = 0; path = ringcode.app; sourceTree = BUILT_PRODUCTS_DIR; };
		23BCB51B239F719800E14680 /* AppDelegate.h */ = {isa = PBXFileReference; lastKnownFileType = sourcecode.c.h; path = AppDelegate.h; sourceTree = "<group>"; };
		23BCB51C239F719800E14680 /* AppDelegate.m */ = {isa = PBXFileReference; lastKnownFileType = sourcecode.c.objc; path = AppDelegate.m; sourceTree = "<group>"; };
		23BCB51E239F719800E14680 /* SceneDelegate.h */ = {isa = PBXFileReference; lastKnownFileType = sourcecode.c.h; path = SceneDelegate.h; sourceTree = "<group>"; };
		23BCB51F239F719800E14680 /* SceneDelegate.m */ = {isa = PBXFileReference; lastKnownFileType = sourcecode.c.objc; path = SceneDelegate.m; sourceTree = "<group>"; };
		23BCB521239F719800E14680 /* ViewController.h */ = {isa = PBXFileReference; lastKnownFileType = sourcecode.c.h; path = ViewController.h; sourceTree = "<group>"; };
		23BCB522239F719800E14680 /* ViewController.mm */ = {isa = PBXFileReference; lastKnownFileType = sourcecode.cpp.objcpp; path = ViewController.mm; sourceTree = "<group>"; };
		23BCB525239F719800E14680 /* Base */ = {isa = PBXFileReference; lastKnownFileType = file.storyboard; name = Base; path = Base.lproj/Main.storyboard; sourceTree = "<group>"; };
		23BCB527239F719A00E14680 /* Assets.xcassets */ = {isa = PBXFileReference; lastKnownFileType = folder.assetcatalog; path = Assets.xcassets; sourceTree = "<group>"; };
		23BCB52A239F719A00E14680 /* Base */ = {isa = PBXFileReference; lastKnownFileType = file.storyboard; name = Base; path = Base.lproj/LaunchScreen.storyboard; sourceTree = "<group>"; };
		23BCB52C239F719A00E14680 /* Info.plist */ = {isa = PBXFileReference; lastKnownFileType = text.plist.xml; path = Info.plist; sourceTree = "<group>"; };
		23BCB52D239F719A00E14680 /* main.m */ = {isa = PBXFileReference; lastKnownFileType = sourcecode.c.objc; path = main.m; sourceTree = "<group>"; };
		23E4DF45239F7E8C00466AD2 /* libc++.tbd */ = {isa = PBXFileReference; lastKnownFileType = "sourcecode.text-based-dylib-definition"; name = "libc++.tbd"; path = "usr/lib/libc++.tbd"; sourceTree = SDKROOT; };
		23E4DF47239F7E9300466AD2 /* AVFoundation.framework */ = {isa = PBXFileReference; lastKnownFileType = wrapper.framework; name = AVFoundation.framework; path = System/Library/Frameworks/AVFoundation.framework; sourceTree = SDKROOT; };
		23E4DF49239F7E9A00466AD2 /* CoreImage.framework */ = {isa = PBXFileReference; lastKnownFileType = wrapper.framework; name = CoreImage.framework; path = System/Library/Frameworks/CoreImage.framework; sourceTree = SDKROOT; };
		23E4DF4B239F7EA100466AD2 /* CoreGraphics.framework */ = {isa = PBXFileReference; lastKnownFileType = wrapper.framework; name = CoreGraphics.framework; path = System/Library/Frameworks/CoreGraphics.framework; sourceTree = SDKROOT; };
		23E4DF4D239F7EA800466AD2 /* QuartzCore.framework */ = {isa = PBXFileReference; lastKnownFileType = wrapper.framework; name = QuartzCore.framework; path = System/Library/Frameworks/QuartzCore.framework; sourceTree = SDKROOT; };
		23E4DF4F239F7EAE00466AD2 /* Accelerate.framework */ = {isa = PBXFileReference; lastKnownFileType = wrapper.framework; name = Accelerate.framework; path = System/Library/Frameworks/Accelerate.framework; sourceTree = SDKROOT; };
		23E4DF51239F7EB400466AD2 /* CoreVideo.framework */ = {isa = PBXFileReference; lastKnownFileType = wrapper.framework; name = CoreVideo.framework; path = System/Library/Frameworks/CoreVideo.framework; sourceTree = SDKROOT; };
		23E4DF53239F7EC400466AD2 /* CoreMedia.framework */ = {isa = PBXFileReference; lastKnownFileType = wrapper.framework; name = CoreMedia.framework; path = System/Library/Frameworks/CoreMedia.framework; sourceTree = SDKROOT; };
		23E4DF55239F7ECF00466AD2 /* AssetsLibrary.framework */ = {isa = PBXFileReference; lastKnownFileType = wrapper.framework; name = AssetsLibrary.framework; path = System/Library/Frameworks/AssetsLibrary.framework; sourceTree = SDKROOT; };
		23E4DF5B239F804500466AD2 /* opencv2.framework */ = {isa = PBXFileReference; lastKnownFileType = wrapper.framework; name = opencv2.framework; path = frameworks/opencv2.framework; sourceTree = "<group>"; };
/* End PBXFileReference section */

/* Begin PBXFrameworksBuildPhase section */
		23BCB515239F719800E14680 /* Frameworks */ = {
			isa = PBXFrameworksBuildPhase;
			buildActionMask = 2147483647;
			files = (
				23E4DF5C239F804500466AD2 /* opencv2.framework in Frameworks */,
				23E4DF56239F7ECF00466AD2 /* AssetsLibrary.framework in Frameworks */,
				23E4DF54239F7EC400466AD2 /* CoreMedia.framework in Frameworks */,
				23E4DF52239F7EB400466AD2 /* CoreVideo.framework in Frameworks */,
				23E4DF50239F7EAE00466AD2 /* Accelerate.framework in Frameworks */,
				23E4DF4E239F7EA800466AD2 /* QuartzCore.framework in Frameworks */,
				23E4DF4C239F7EA100466AD2 /* CoreGraphics.framework in Frameworks */,
				23E4DF4A239F7E9A00466AD2 /* CoreImage.framework in Frameworks */,
				23E4DF48239F7E9300466AD2 /* AVFoundation.framework in Frameworks */,
				23E4DF46239F7E8C00466AD2 /* libc++.tbd in Frameworks */,
			);
			runOnlyForDeploymentPostprocessing = 0;
		};
/* End PBXFrameworksBuildPhase section */

/* Begin PBXGroup section */
		23BCB50F239F719800E14680 = {
			isa = PBXGroup;
			children = (
				23BCB51A239F719800E14680 /* scanner */,
				23BCB519239F719800E14680 /* Products */,
				23E4DF44239F7E8C00466AD2 /* Frameworks */,
			);
			sourceTree = "<group>";
		};
		23BCB519239F719800E14680 /* Products */ = {
			isa = PBXGroup;
			children = (
				23BCB518239F719800E14680 /* ringcode.app */,
			);
			name = Products;
			sourceTree = "<group>";
		};
		23BCB51A239F719800E14680 /* scanner */ = {
			isa = PBXGroup;
			children = (
				23BCB51B239F719800E14680 /* AppDelegate.h */,
				23BCB51C239F719800E14680 /* AppDelegate.m */,
				23BCB51E239F719800E14680 /* SceneDelegate.h */,
				23BCB51F239F719800E14680 /* SceneDelegate.m */,
				23BCB521239F719800E14680 /* ViewController.h */,
				23BCB522239F719800E14680 /* ViewController.mm */,
				23BCB524239F719800E14680 /* Main.storyboard */,
				23BCB527239F719A00E14680 /* Assets.xcassets */,
				23BCB529239F719A00E14680 /* LaunchScreen.storyboard */,
				23BCB52C239F719A00E14680 /* Info.plist */,
				23BCB52D239F719A00E14680 /* main.m */,
				235AA52E23A51F7A00AFF989 /* VideoCameraDelegate.h */,
				235AA52F23A51F7A00AFF989 /* VideoCameraDelegate.mm */,
				2361543D23A75D3B000ECCDD /* ResultViewController.h */,
				2361543E23A75D3B000ECCDD /* ResultViewController.m */,
			);
			path = scanner;
			sourceTree = "<group>";
		};
		23E4DF44239F7E8C00466AD2 /* Frameworks */ = {
			isa = PBXGroup;
			children = (
				23E4DF5B239F804500466AD2 /* opencv2.framework */,
				23E4DF55239F7ECF00466AD2 /* AssetsLibrary.framework */,
				23E4DF53239F7EC400466AD2 /* CoreMedia.framework */,
				23E4DF51239F7EB400466AD2 /* CoreVideo.framework */,
				23E4DF4F239F7EAE00466AD2 /* Accelerate.framework */,
				23E4DF4D239F7EA800466AD2 /* QuartzCore.framework */,
				23E4DF4B239F7EA100466AD2 /* CoreGraphics.framework */,
				23E4DF49239F7E9A00466AD2 /* CoreImage.framework */,
				23E4DF47239F7E9300466AD2 /* AVFoundation.framework */,
				23E4DF45239F7E8C00466AD2 /* libc++.tbd */,
			);
			name = Frameworks;
			sourceTree = "<group>";
		};
/* End PBXGroup section */

/* Begin PBXNativeTarget section */
		23BCB517239F719800E14680 /* ringcode */ = {
			isa = PBXNativeTarget;
			buildConfigurationList = 23BCB531239F719A00E14680 /* Build configuration list for PBXNativeTarget "ringcode" */;
			buildPhases = (
				23BCB514239F719800E14680 /* Sources */,
				23BCB515239F719800E14680 /* Frameworks */,
				23BCB516239F719800E14680 /* Resources */,
			);
			buildRules = (
			);
			dependencies = (
			);
			name = ringcode;
			productName = ringcode;
			productReference = 23BCB518239F719800E14680 /* ringcode.app */;
			productType = "com.apple.product-type.application";
		};
/* End PBXNativeTarget section */

/* Begin PBXProject section */
		23BCB510239F719800E14680 /* Project object */ = {
			isa = PBXProject;
			attributes = {
				LastUpgradeCheck = 1120;
				ORGANIZATIONNAME = Niko;
				TargetAttributes = {
					23BCB517239F719800E14680 = {
						CreatedOnToolsVersion = 11.2.1;
					};
				};
			};
			buildConfigurationList = 23BCB513239F719800E14680 /* Build configuration list for PBXProject "ringcode" */;
			compatibilityVersion = "Xcode 9.3";
			developmentRegion = en;
			hasScannedForEncodings = 0;
			knownRegions = (
				en,
				Base,
			);
			mainGroup = 23BCB50F239F719800E14680;
			productRefGroup = 23BCB519239F719800E14680 /* Products */;
			projectDirPath = "";
			projectRoot = "";
			targets = (
				23BCB517239F719800E14680 /* ringcode */,
			);
		};
/* End PBXProject section */

/* Begin PBXResourcesBuildPhase section */
		23BCB516239F719800E14680 /* Resources */ = {
			isa = PBXResourcesBuildPhase;
			buildActionMask = 2147483647;
			files = (
				23BCB52B239F719A00E14680 /* LaunchScreen.storyboard in Resources */,
				23BCB528239F719A00E14680 /* Assets.xcassets in Resources */,
				23BCB526239F719800E14680 /* Main.storyboard in Resources */,
			);
			runOnlyForDeploymentPostprocessing = 0;
		};
/* End PBXResourcesBuildPhase section */

/* Begin PBXSourcesBuildPhase section */
		23BCB514239F719800E14680 /* Sources */ = {
			isa = PBXSourcesBuildPhase;
			buildActionMask = 2147483647;
			files = (
				23BCB523239F719800E14680 /* ViewController.mm in Sources */,
				23BCB51D239F719800E14680 /* AppDelegate.m in Sources */,
				23BCB52E239F719A00E14680 /* main.m in Sources */,
				235AA53023A51F7A00AFF989 /* VideoCameraDelegate.mm in Sources */,
				23BCB520239F719800E14680 /* SceneDelegate.m in Sources */,
				2361543F23A75D3B000ECCDD /* ResultViewController.m in Sources */,
			);
			runOnlyForDeploymentPostprocessing = 0;
		};
/* End PBXSourcesBuildPhase section */

/* Begin PBXVariantGroup section */
		23BCB524239F719800E14680 /* Main.storyboard */ = {
			isa = PBXVariantGroup;
			children = (
				23BCB525239F719800E14680 /* Base */,
			);
			name = Main.storyboard;
			sourceTree = "<group>";
		};
		23BCB529239F719A00E14680 /* LaunchScreen.storyboard */ = {
			isa = PBXVariantGroup;
			children = (
				23BCB52A239F719A00E14680 /* Base */,
			);
			name = LaunchScreen.storyboard;
			sourceTree = "<group>";
		};
/* End PBXVariantGroup section */

/* Begin XCBuildConfiguration section */
		23BCB52F239F719A00E14680 /* Debug */ = {
			isa = XCBuildConfiguration;
			buildSettings = {
				ALWAYS_SEARCH_USER_PATHS = NO;
				CLANG_ANALYZER_NONNULL = YES;
				CLANG_ANALYZER_NUMBER_OBJECT_CONVERSION = YES_AGGRESSIVE;
				CLANG_CXX_LANGUAGE_STANDARD = "gnu++14";
				CLANG_CXX_LIBRARY = "libc++";
				CLANG_ENABLE_MODULES = YES;
				CLANG_ENABLE_OBJC_ARC = YES;
				CLANG_ENABLE_OBJC_WEAK = YES;
				CLANG_WARN_BLOCK_CAPTURE_AUTORELEASING = YES;
				CLANG_WARN_BOOL_CONVERSION = YES;
				CLANG_WARN_COMMA = YES;
				CLANG_WARN_CONSTANT_CONVERSION = YES;
				CLANG_WARN_DEPRECATED_OBJC_IMPLEMENTATIONS = YES;
				CLANG_WARN_DIRECT_OBJC_ISA_USAGE = YES_ERROR;
				CLANG_WARN_DOCUMENTATION_COMMENTS = YES;
				CLANG_WARN_EMPTY_BODY = YES;
				CLANG_WARN_ENUM_CONVERSION = YES;
				CLANG_WARN_INFINITE_RECURSION = YES;
				CLANG_WARN_INT_CONVERSION = YES;
				CLANG_WARN_NON_LITERAL_NULL_CONVERSION = YES;
				CLANG_WARN_OBJC_IMPLICIT_RETAIN_SELF = YES;
				CLANG_WARN_OBJC_LITERAL_CONVERSION = YES;
				CLANG_WARN_OBJC_ROOT_CLASS = YES_ERROR;
				CLANG_WARN_RANGE_LOOP_ANALYSIS = YES;
				CLANG_WARN_STRICT_PROTOTYPES = YES;
				CLANG_WARN_SUSPICIOUS_MOVE = YES;
				CLANG_WARN_UNGUARDED_AVAILABILITY = YES_AGGRESSIVE;
				CLANG_WARN_UNREACHABLE_CODE = YES;
				CLANG_WARN__DUPLICATE_METHOD_MATCH = YES;
				COPY_PHASE_STRIP = NO;
				DEBUG_INFORMATION_FORMAT = dwarf;
				ENABLE_STRICT_OBJC_MSGSEND = YES;
				ENABLE_TESTABILITY = YES;
				GCC_C_LANGUAGE_STANDARD = gnu11;
				GCC_DYNAMIC_NO_PIC = NO;
				GCC_NO_COMMON_BLOCKS = YES;
				GCC_OPTIMIZATION_LEVEL = 0;
				GCC_PREPROCESSOR_DEFINITIONS = (
					"DEBUG=1",
					"$(inherited)",
				);
				GCC_WARN_64_TO_32_BIT_CONVERSION = YES;
				GCC_WARN_ABOUT_RETURN_TYPE = YES_ERROR;
				GCC_WARN_UNDECLARED_SELECTOR = YES;
				GCC_WARN_UNINITIALIZED_AUTOS = YES_AGGRESSIVE;
				GCC_WARN_UNUSED_FUNCTION = YES;
				GCC_WARN_UNUSED_VARIABLE = YES;
				IPHONEOS_DEPLOYMENT_TARGET = 13.2;
				MTL_ENABLE_DEBUG_INFO = INCLUDE_SOURCE;
				MTL_FAST_MATH = YES;
				ONLY_ACTIVE_ARCH = YES;
				SDKROOT = iphoneos;
			};
			name = Debug;
		};
		23BCB530239F719A00E14680 /* Release */ = {
			isa = XCBuildConfiguration;
			buildSettings = {
				ALWAYS_SEARCH_USER_PATHS = NO;
				CLANG_ANALYZER_NONNULL = YES;
				CLANG_ANALYZER_NUMBER_OBJECT_CONVERSION = YES_AGGRESSIVE;
				CLANG_CXX_LANGUAGE_STANDARD = "gnu++14";
				CLANG_CXX_LIBRARY = "libc++";
				CLANG_ENABLE_MODULES = YES;
				CLANG_ENABLE_OBJC_ARC = YES;
				CLANG_ENABLE_OBJC_WEAK = YES;
				CLANG_WARN_BLOCK_CAPTURE_AUTORELEASING = YES;
				CLANG_WARN_BOOL_CONVERSION = YES;
				CLANG_WARN_COMMA = YES;
				CLANG_WARN_CONSTANT_CONVERSION = YES;
				CLANG_WARN_DEPRECATED_OBJC_IMPLEMENTATIONS = YES;
				CLANG_WARN_DIRECT_OBJC_ISA_USAGE = YES_ERROR;
				CLANG_WARN_DOCUMENTATION_COMMENTS = YES;
				CLANG_WARN_EMPTY_BODY = YES;
				CLANG_WARN_ENUM_CONVERSION = YES;
				CLANG_WARN_INFINITE_RECURSION = YES;
				CLANG_WARN_INT_CONVERSION = YES;
				CLANG_WARN_NON_LITERAL_NULL_CONVERSION = YES;
				CLANG_WARN_OBJC_IMPLICIT_RETAIN_SELF = YES;
				CLANG_WARN_OBJC_LITERAL_CONVERSION = YES;
				CLANG_WARN_OBJC_ROOT_CLASS = YES_ERROR;
				CLANG_WARN_RANGE_LOOP_ANALYSIS = YES;
				CLANG_WARN_STRICT_PROTOTYPES = YES;
				CLANG_WARN_SUSPICIOUS_MOVE = YES;
				CLANG_WARN_UNGUARDED_AVAILABILITY = YES_AGGRESSIVE;
				CLANG_WARN_UNREACHABLE_CODE = YES;
				CLANG_WARN__DUPLICATE_METHOD_MATCH = YES;
				COPY_PHASE_STRIP = NO;
				DEBUG_INFORMATION_FORMAT = "dwarf-with-dsym";
				ENABLE_NS_ASSERTIONS = NO;
				ENABLE_STRICT_OBJC_MSGSEND = YES;
				GCC_C_LANGUAGE_STANDARD = gnu11;
				GCC_NO_COMMON_BLOCKS = YES;
				GCC_WARN_64_TO_32_BIT_CONVERSION = YES;
				GCC_WARN_ABOUT_RETURN_TYPE = YES_ERROR;
				GCC_WARN_UNDECLARED_SELECTOR = YES;
				GCC_WARN_UNINITIALIZED_AUTOS = YES_AGGRESSIVE;
				GCC_WARN_UNUSED_FUNCTION = YES;
				GCC_WARN_UNUSED_VARIABLE = YES;
				IPHONEOS_DEPLOYMENT_TARGET = 13.2;
				MTL_ENABLE_DEBUG_INFO = NO;
				MTL_FAST_MATH = YES;
				SDKROOT = iphoneos;
				VALIDATE_PRODUCT = YES;
			};
			name = Release;
		};
		23BCB532239F719A00E14680 /* Debug */ = {
			isa = XCBuildConfiguration;
			buildSettings = {
				ASSETCATALOG_COMPILER_APPICON_NAME = AppIcon;
				CODE_SIGN_STYLE = Automatic;
				DEVELOPMENT_TEAM = 4K8H6RFHFM;
				FRAMEWORK_SEARCH_PATHS = (
					"$(inherited)",
					"$(PROJECT_DIR)/frameworks",
				);
				INFOPLIST_FILE = scanner/Info.plist;
				IPHONEOS_DEPLOYMENT_TARGET = 13.1;
				LD_RUNPATH_SEARCH_PATHS = (
					"$(inherited)",
					"@executable_path/Frameworks",
				);
				PRODUCT_BUNDLE_IDENTIFIER = io.504.mai.ringcode;
				PRODUCT_NAME = "$(TARGET_NAME)";
				TARGETED_DEVICE_FAMILY = "1,2";
			};
			name = Debug;
		};
		23BCB533239F719A00E14680 /* Release */ = {
			isa = XCBuildConfiguration;
			buildSettings = {
				ASSETCATALOG_COMPILER_APPICON_NAME = AppIcon;
				CODE_SIGN_STYLE = Automatic;
				DEVELOPMENT_TEAM = 4K8H6RFHFM;
				FRAMEWORK_SEARCH_PATHS = (
					"$(inherited)",
					"$(PROJECT_DIR)/frameworks",
				);
				INFOPLIST_FILE = scanner/Info.plist;
				IPHONEOS_DEPLOYMENT_TARGET = 13.1;
				LD_RUNPATH_SEARCH_PATHS = (
					"$(inherited)",
					"@executable_path/Frameworks",
				);
				PRODUCT_BUNDLE_IDENTIFIER = io.504.mai.ringcode;
				PRODUCT_NAME = "$(TARGET_NAME)";
				TARGETED_DEVICE_FAMILY = "1,2";
			};
			name = Release;
		};
/* End XCBuildConfiguration section */

/* Begin XCConfigurationList section */
		23BCB513239F719800E14680 /* Build configuration list for PBXProject "ringcode" */ = {
			isa = XCConfigurationList;
			buildConfigurations = (
				23BCB52F239F719A00E14680 /* Debug */,
				23BCB530239F719A00E14680 /* Release */,
			);
			defaultConfigurationIsVisible = 0;
			defaultConfigurationName = Release;
		};
		23BCB531239F719A00E14680 /* Build configuration list for PBXNativeTarget "ringcode" */ = {
			isa = XCConfigurationList;
			buildConfigurations = (
				23BCB532239F719A00E14680 /* Debug */,
				23BCB533239F719A00E14680 /* Release */,
			);
			defaultConfigurationIsVisible = 0;
			defaultConfigurationName = Release;
		};
/* End XCConfigurationList section */
	};
	rootObject = 23BCB510239F719800E14680 /* Project object */;
}
